PODS:
  - SnapKit (4.0.0)
  - TMPodLib (1.0.0):
    - SnapKit (~> 4.0.0)

DEPENDENCIES:
  - TMPodLib (from `../`)

EXTERNAL SOURCES:
  TMPodLib:
    :path: ../

SPEC CHECKSUMS:
  SnapKit: a42d492c16e80209130a3379f73596c3454b7694
  TMPodLib: c1e1af481d4e004759993b67fda34ac773108d59

PODFILE CHECKSUM: 71400ee3edd354017d4724ebd60f51773e8c182c

COCOAPODS: 1.3.1
